{
  "nodes": {
    "betterfox": {
      "flake": false,
      "locked": {
        "lastModified": 1704291255,
        "narHash": "sha256-NFDA8eiopF71aXXwV/xkm9A8pi9tr5gtGFAKxkX4OxA=",
        "owner": "yokoffing",
        "repo": "Betterfox",
        "rev": "4d23050c740d6b773aedaf3c659166e64447fdd5",
        "type": "github"
      },
      "original": {
        "owner": "yokoffing",
        "repo": "Betterfox",
        "type": "github"
      }
    },
    "firefox-addons": {
      "inputs": {
        "flake-utils": "flake-utils",
        "nixpkgs": [
          "nixpkgs"
        ]
      },
      "locked": {
        "dir": "pkgs/firefox-addons",
        "lastModified": 1704384167,
        "narHash": "sha256-3Bst0uAjpUMKwIoHsSDWBM+A1hz1orxd2jQVOaypvow=",
        "owner": "rycee",
        "repo": "nur-expressions",
        "rev": "99fefb12ae9cd2464591df3652709f513a20a89e",
        "type": "gitlab"
      },
      "original": {
        "dir": "pkgs/firefox-addons",
        "owner": "rycee",
        "repo": "nur-expressions",
        "type": "gitlab"
      }
    },
    "firefox-csshacks": {
      "flake": false,
      "locked": {
        "lastModified": 1703219113,
        "narHash": "sha256-/KQNJ0h100/28GX83T1eTPnJ3v+zPBZS2rc/jDba80Y=",
        "owner": "MrOtherGuy",
        "repo": "firefox-csshacks",
        "rev": "df4462f5d98266012569768ed570db5aa080030b",
        "type": "github"
      },
      "original": {
        "owner": "MrOtherGuy",
        "repo": "firefox-csshacks",
        "type": "github"
      }
    },
    "flake-utils": {
      "locked": {
        "lastModified": 1629284811,
        "narHash": "sha256-JHgasjPR0/J1J3DRm4KxM4zTyAj4IOJY8vIl75v/kPI=",
        "owner": "numtide",
        "repo": "flake-utils",
        "rev": "c5d161cc0af116a2e17f54316f0bf43f0819785c",
        "type": "github"
      },
      "original": {
        "owner": "numtide",
        "repo": "flake-utils",
        "type": "github"
      }
    },
    "home-manager": {
      "inputs": {
        "nixpkgs": [
          "nixpkgs"
        ]
      },
      "locked": {
        "lastModified": 1704099619,
        "narHash": "sha256-QRVMkdxLmv+aKGjcgeEg31xtJEIsYq4i1Kbyw5EPS6g=",
        "owner": "nix-community",
        "repo": "home-manager",
        "rev": "7e398b3d76bc1503171b1364c9d4a07ac06f3851",
        "type": "github"
      },
      "original": {
        "owner": "nix-community",
        "ref": "release-23.11",
        "repo": "home-manager",
        "type": "github"
      }
    },
    "nixos-hardware": {
      "locked": {
        "lastModified": 1704458188,
        "narHash": "sha256-f6BYEuIqnbrs6J/9m1/1VdkJ6d63hO9kUC09kTPuOqE=",
        "owner": "NixOS",
        "repo": "nixos-hardware",
        "rev": "172385318068519900a7d71c1024242fa6af75f0",
        "type": "github"
      },
      "original": {
        "owner": "NixOS",
        "ref": "master",
        "repo": "nixos-hardware",
        "type": "github"
      }
    },
    "nixpkgs": {
      "locked": {
        "lastModified": 1704295289,
        "narHash": "sha256-9WZDRfpMqCYL6g/HNWVvXF0hxdaAgwgIGeLYiOhmes8=",
        "owner": "NixOS",
        "repo": "nixpkgs",
        "rev": "b0b2c5445c64191fd8d0b31f2b1a34e45a64547d",
        "type": "github"
      },
      "original": {
        "id": "nixpkgs",
        "ref": "nixos-23.11",
        "type": "indirect"
      }
    },
    "root": {
      "inputs": {
        "betterfox": "betterfox",
        "firefox-addons": "firefox-addons",
        "firefox-csshacks": "firefox-csshacks",
        "home-manager": "home-manager",
        "nixos-hardware": "nixos-hardware",
        "nixpkgs": "nixpkgs"
      }
    }
  },
  "root": "root",
  "version": 7
}
